
Microsoft Visual Studio Solution File, Format Version 12.00
# Visual Studio Version 16
VisualStudioVersion = 16.0.31729.503
MinimumVisualStudioVersion = 10.0.40219.1
Project("{FAE04EC0-301F-11D3-BF4B-00C04F79EFBC}") = "Calc", "Calc\Calc.csproj", "{FD27DE5B-14F1-4255-952E-9AB05B0BD96E}"
EndProject
Project("{FAE04EC0-301F-11D3-BF4B-00C04F79EFBC}") = "TestCalc", "TestCalc\TestCalc.csproj", "{7372A200-22F9-49A0-B0CD-15D0ED2441C5}"
EndProject
Project("{00D1A9C2-B5F0-4AF3-8072-F6C62B433612}") = "TaskSQL", "TaskSQL\TaskSQL.sqlproj", "{58D516CE-EA9D-4C39-9257-1BED7BDE2652}"
EndProject
Global
	GlobalSection(SolutionConfigurationPlatforms) = preSolution
		Debug|Any CPU = Debug|Any CPU
		Release|Any CPU = Release|Any CPU
	EndGlobalSection
	GlobalSection(ProjectConfigurationPlatforms) = postSolution
		{FD27DE5B-14F1-4255-952E-9AB05B0BD96E}.Debug|Any CPU.ActiveCfg = Debug|Any CPU
		{FD27DE5B-14F1-4255-952E-9AB05B0BD96E}.Debug|Any CPU.Build.0 = Debug|Any CPU
		{FD27DE5B-14F1-4255-952E-9AB05B0BD96E}.Release|Any CPU.ActiveCfg = Release|Any CPU
		{FD27DE5B-14F1-4255-952E-9AB05B0BD96E}.Release|Any CPU.Build.0 = Release|Any CPU
		{7372A200-22F9-49A0-B0CD-15D0ED2441C5}.Debug|Any CPU.ActiveCfg = Debug|Any CPU
		{7372A200-22F9-49A0-B0CD-15D0ED2441C5}.Debug|Any CPU.Build.0 = Debug|Any CPU
		{7372A200-22F9-49A0-B0CD-15D0ED2441C5}.Release|Any CPU.ActiveCfg = Release|Any CPU
		{7372A200-22F9-49A0-B0CD-15D0ED2441C5}.Release|Any CPU.Build.0 = Release|Any CPU
		{58D516CE-EA9D-4C39-9257-1BED7BDE2652}.Debug|Any CPU.ActiveCfg = Debug|Any CPU
		{58D516CE-EA9D-4C39-9257-1BED7BDE2652}.Debug|Any CPU.Build.0 = Debug|Any CPU
		{58D516CE-EA9D-4C39-9257-1BED7BDE2652}.Debug|Any CPU.Deploy.0 = Debug|Any CPU
		{58D516CE-EA9D-4C39-9257-1BED7BDE2652}.Release|Any CPU.ActiveCfg = Release|Any CPU
		{58D516CE-EA9D-4C39-9257-1BED7BDE2652}.Release|Any CPU.Build.0 = Release|Any CPU
		{58D516CE-EA9D-4C39-9257-1BED7BDE2652}.Release|Any CPU.Deploy.0 = Release|Any CPU
	EndGlobalSection
	GlobalSection(SolutionProperties) = preSolution
		HideSolutionNode = FALSE
	EndGlobalSection
	GlobalSection(ExtensibilityGlobals) = postSolution
		SolutionGuid = {9CF64870-E490-49C8-8E1E-DCAC8380F5B3}
	EndGlobalSection
EndGlobal
